// !$*UTF8*$!
{
	archiveVersion = 1;
	classes = {
	};
	objectVersion = 56;
	objects = {

/* Begin PBXBuildFile section */
		1539F2BD2B01EF3C000BBB65 /* TikTokCloneApp.swift in Sources */ = {isa = PBXBuildFile; fileRef = 1539F2BC2B01EF3C000BBB65 /* TikTokCloneApp.swift */; };
		1539F2BF2B01EF3C000BBB65 /* ContentView.swift in Sources */ = {isa = PBXBuildFile; fileRef = 1539F2BE2B01EF3C000BBB65 /* ContentView.swift */; };
		1539F2C12B01EF3F000BBB65 /* Assets.xcassets in Resources */ = {isa = PBXBuildFile; fileRef = 1539F2C02B01EF3F000BBB65 /* Assets.xcassets */; };
		1539F2C42B01EF3F000BBB65 /* Preview Assets.xcassets in Resources */ = {isa = PBXBuildFile; fileRef = 1539F2C32B01EF3F000BBB65 /* Preview Assets.xcassets */; };
		1539F2DB2B01F082000BBB65 /* MainTabView.swift in Sources */ = {isa = PBXBuildFile; fileRef = 1539F2DA2B01F081000BBB65 /* MainTabView.swift */; };
		1539F2DD2B01F34A000BBB65 /* FeedView.swift in Sources */ = {isa = PBXBuildFile; fileRef = 1539F2DC2B01F34A000BBB65 /* FeedView.swift */; };
		157941A32B04F97900E76433 /* Post.swift in Sources */ = {isa = PBXBuildFile; fileRef = 157941A22B04F97900E76433 /* Post.swift */; };
		157941A82B04FBA600E76433 /* FeedViewModel.swift in Sources */ = {isa = PBXBuildFile; fileRef = 157941A72B04FBA600E76433 /* FeedViewModel.swift */; };
		157941AA2B05000400E76433 /* CustomVideoPlayer.swift in Sources */ = {isa = PBXBuildFile; fileRef = 157941A92B05000400E76433 /* CustomVideoPlayer.swift */; };
		158E20B72B025CEF0008D6D1 /* FeedCell.swift in Sources */ = {isa = PBXBuildFile; fileRef = 158E20B62B025CEF0008D6D1 /* FeedCell.swift */; };
		158E20B92B02604A0008D6D1 /* ExploreView.swift in Sources */ = {isa = PBXBuildFile; fileRef = 158E20B82B02604A0008D6D1 /* ExploreView.swift */; };
		158E20BB2B0260570008D6D1 /* UserCell.swift in Sources */ = {isa = PBXBuildFile; fileRef = 158E20BA2B0260570008D6D1 /* UserCell.swift */; };
		158E20BD2B0279000008D6D1 /* NotificationView.swift in Sources */ = {isa = PBXBuildFile; fileRef = 158E20BC2B0279000008D6D1 /* NotificationView.swift */; };
		158E20BF2B0279190008D6D1 /* NotificationCell.swift in Sources */ = {isa = PBXBuildFile; fileRef = 158E20BE2B0279190008D6D1 /* NotificationCell.swift */; };
		15E599392B03AD2D00BD08F8 /* ProfileView.swift in Sources */ = {isa = PBXBuildFile; fileRef = 15E599382B03AD2D00BD08F8 /* ProfileView.swift */; };
		15E5993B2B03B44200BD08F8 /* ProfileHeaderView.swift in Sources */ = {isa = PBXBuildFile; fileRef = 15E5993A2B03B44200BD08F8 /* ProfileHeaderView.swift */; };
		15E5993D2B03B45300BD08F8 /* PostGridView.swift in Sources */ = {isa = PBXBuildFile; fileRef = 15E5993C2B03B45300BD08F8 /* PostGridView.swift */; };
		15E5993F2B03B61400BD08F8 /* UserStatView.swift in Sources */ = {isa = PBXBuildFile; fileRef = 15E5993E2B03B61400BD08F8 /* UserStatView.swift */; };
/* End PBXBuildFile section */

/* Begin PBXFileReference section */
		1539F2B92B01EF3C000BBB65 /* TikTokClone.app */ = {isa = PBXFileReference; explicitFileType = wrapper.application; includeInIndex = 0; path = TikTokClone.app; sourceTree = BUILT_PRODUCTS_DIR; };
		1539F2BC2B01EF3C000BBB65 /* TikTokCloneApp.swift */ = {isa = PBXFileReference; lastKnownFileType = sourcecode.swift; path = TikTokCloneApp.swift; sourceTree = "<group>"; };
		1539F2BE2B01EF3C000BBB65 /* ContentView.swift */ = {isa = PBXFileReference; lastKnownFileType = sourcecode.swift; path = ContentView.swift; sourceTree = "<group>"; };
		1539F2C02B01EF3F000BBB65 /* Assets.xcassets */ = {isa = PBXFileReference; lastKnownFileType = folder.assetcatalog; path = Assets.xcassets; sourceTree = "<group>"; };
		1539F2C32B01EF3F000BBB65 /* Preview Assets.xcassets */ = {isa = PBXFileReference; lastKnownFileType = folder.assetcatalog; path = "Preview Assets.xcassets"; sourceTree = "<group>"; };
		1539F2DA2B01F081000BBB65 /* MainTabView.swift */ = {isa = PBXFileReference; lastKnownFileType = sourcecode.swift; path = MainTabView.swift; sourceTree = "<group>"; };
		1539F2DC2B01F34A000BBB65 /* FeedView.swift */ = {isa = PBXFileReference; lastKnownFileType = sourcecode.swift; path = FeedView.swift; sourceTree = "<group>"; };
		157941A22B04F97900E76433 /* Post.swift */ = {isa = PBXFileReference; lastKnownFileType = sourcecode.swift; path = Post.swift; sourceTree = "<group>"; };
		157941A72B04FBA600E76433 /* FeedViewModel.swift */ = {isa = PBXFileReference; lastKnownFileType = sourcecode.swift; path = FeedViewModel.swift; sourceTree = "<group>"; };
		157941A92B05000400E76433 /* CustomVideoPlayer.swift */ = {isa = PBXFileReference; lastKnownFileType = sourcecode.swift; path = CustomVideoPlayer.swift; sourceTree = "<group>"; };
		158E20B62B025CEF0008D6D1 /* FeedCell.swift */ = {isa = PBXFileReference; lastKnownFileType = sourcecode.swift; path = FeedCell.swift; sourceTree = "<group>"; };
		158E20B82B02604A0008D6D1 /* ExploreView.swift */ = {isa = PBXFileReference; lastKnownFileType = sourcecode.swift; path = ExploreView.swift; sourceTree = "<group>"; };
		158E20BA2B0260570008D6D1 /* UserCell.swift */ = {isa = PBXFileReference; lastKnownFileType = sourcecode.swift; path = UserCell.swift; sourceTree = "<group>"; };
		158E20BC2B0279000008D6D1 /* NotificationView.swift */ = {isa = PBXFileReference; lastKnownFileType = sourcecode.swift; path = NotificationView.swift; sourceTree = "<group>"; };
		158E20BE2B0279190008D6D1 /* NotificationCell.swift */ = {isa = PBXFileReference; lastKnownFileType = sourcecode.swift; path = NotificationCell.swift; sourceTree = "<group>"; };
		15E599382B03AD2D00BD08F8 /* ProfileView.swift */ = {isa = PBXFileReference; lastKnownFileType = sourcecode.swift; path = ProfileView.swift; sourceTree = "<group>"; };
		15E5993A2B03B44200BD08F8 /* ProfileHeaderView.swift */ = {isa = PBXFileReference; lastKnownFileType = sourcecode.swift; path = ProfileHeaderView.swift; sourceTree = "<group>"; };
		15E5993C2B03B45300BD08F8 /* PostGridView.swift */ = {isa = PBXFileReference; lastKnownFileType = sourcecode.swift; path = PostGridView.swift; sourceTree = "<group>"; };
		15E5993E2B03B61400BD08F8 /* UserStatView.swift */ = {isa = PBXFileReference; lastKnownFileType = sourcecode.swift; path = UserStatView.swift; sourceTree = "<group>"; };
/* End PBXFileReference section */

/* Begin PBXFrameworksBuildPhase section */
		1539F2B62B01EF3C000BBB65 /* Frameworks */ = {
			isa = PBXFrameworksBuildPhase;
			buildActionMask = 2147483647;
			files = (
			);
			runOnlyForDeploymentPostprocessing = 0;
		};
/* End PBXFrameworksBuildPhase section */

/* Begin PBXGroup section */
		1539F2B02B01EF3C000BBB65 = {
			isa = PBXGroup;
			children = (
				1539F2BB2B01EF3C000BBB65 /* TikTokClone */,
				1539F2BA2B01EF3C000BBB65 /* Products */,
			);
			sourceTree = "<group>";
		};
		1539F2BA2B01EF3C000BBB65 /* Products */ = {
			isa = PBXGroup;
			children = (
				1539F2B92B01EF3C000BBB65 /* TikTokClone.app */,
			);
			name = Products;
			sourceTree = "<group>";
		};
		1539F2BB2B01EF3C000BBB65 /* TikTokClone */ = {
			isa = PBXGroup;
			children = (
				1539F2CF2B01EF92000BBB65 /* App */,
				1539F2CE2B01EF8F000BBB65 /* Core */,
				1539F2CD2B01EF89000BBB65 /* Extentions */,
				1539F2CC2B01EF85000BBB65 /* Model */,
				1539F2CB2B01EF7D000BBB65 /* Services */,
				1539F2CA2B01EF73000BBB65 /* Utils */,
				1539F2BE2B01EF3C000BBB65 /* ContentView.swift */,
				1539F2C02B01EF3F000BBB65 /* Assets.xcassets */,
				1539F2C22B01EF3F000BBB65 /* Preview Content */,
			);
			path = TikTokClone;
			sourceTree = "<group>";
		};
		1539F2C22B01EF3F000BBB65 /* Preview Content */ = {
			isa = PBXGroup;
			children = (
				1539F2C32B01EF3F000BBB65 /* Preview Assets.xcassets */,
			);
			path = "Preview Content";
			sourceTree = "<group>";
		};
		1539F2CA2B01EF73000BBB65 /* Utils */ = {
			isa = PBXGroup;
			children = (
			);
			path = Utils;
			sourceTree = "<group>";
		};
		1539F2CB2B01EF7D000BBB65 /* Services */ = {
			isa = PBXGroup;
			children = (
			);
			path = Services;
			sourceTree = "<group>";
		};
		1539F2CC2B01EF85000BBB65 /* Model */ = {
			isa = PBXGroup;
			children = (
				157941A22B04F97900E76433 /* Post.swift */,
			);
			path = Model;
			sourceTree = "<group>";
		};
		1539F2CD2B01EF89000BBB65 /* Extentions */ = {
			isa = PBXGroup;
			children = (
			);
			path = Extentions;
			sourceTree = "<group>";
		};
		1539F2CE2B01EF8F000BBB65 /* Core */ = {
			isa = PBXGroup;
			children = (
				1539F2D92B01EFDC000BBB65 /* Authentication */,
				1539F2D82B01EFD4000BBB65 /* Comments */,
				1539F2D72B01EFC8000BBB65 /* Components */,
				1539F2D62B01EFBD000BBB65 /* Feed */,
				1539F2D52B01EFB9000BBB65 /* Notifications */,
				1539F2D42B01EFB7000BBB65 /* Profile */,
				1539F2D32B01EFB3000BBB65 /* Root */,
				1539F2D22B01EFB1000BBB65 /* Search */,
				1539F2D12B01EFAB000BBB65 /* TabBar */,
				1539F2D02B01EFA5000BBB65 /* UploadMedia */,
			);
			path = Core;
			sourceTree = "<group>";
		};
		1539F2CF2B01EF92000BBB65 /* App */ = {
			isa = PBXGroup;
			children = (
				1539F2BC2B01EF3C000BBB65 /* TikTokCloneApp.swift */,
			);
			path = App;
			sourceTree = "<group>";
		};
		1539F2D02B01EFA5000BBB65 /* UploadMedia */ = {
			isa = PBXGroup;
			children = (
			);
			path = UploadMedia;
			sourceTree = "<group>";
		};
		1539F2D12B01EFAB000BBB65 /* TabBar */ = {
			isa = PBXGroup;
			children = (
				1539F2DA2B01F081000BBB65 /* MainTabView.swift */,
			);
			path = TabBar;
			sourceTree = "<group>";
		};
		1539F2D22B01EFB1000BBB65 /* Search */ = {
			isa = PBXGroup;
			children = (
				158E20B82B02604A0008D6D1 /* ExploreView.swift */,
				158E20BA2B0260570008D6D1 /* UserCell.swift */,
			);
			path = Search;
			sourceTree = "<group>";
		};
		1539F2D32B01EFB3000BBB65 /* Root */ = {
			isa = PBXGroup;
			children = (
			);
			path = Root;
			sourceTree = "<group>";
		};
		1539F2D42B01EFB7000BBB65 /* Profile */ = {
			isa = PBXGroup;
			children = (
				15E599382B03AD2D00BD08F8 /* ProfileView.swift */,
				15E5993A2B03B44200BD08F8 /* ProfileHeaderView.swift */,
				15E5993E2B03B61400BD08F8 /* UserStatView.swift */,
				15E5993C2B03B45300BD08F8 /* PostGridView.swift */,
			);
			path = Profile;
			sourceTree = "<group>";
		};
		1539F2D52B01EFB9000BBB65 /* Notifications */ = {
			isa = PBXGroup;
			children = (
				158E20BC2B0279000008D6D1 /* NotificationView.swift */,
				158E20BE2B0279190008D6D1 /* NotificationCell.swift */,
			);
			path = Notifications;
			sourceTree = "<group>";
		};
		1539F2D62B01EFBD000BBB65 /* Feed */ = {
			isa = PBXGroup;
			children = (
				157941A62B04F9B100E76433 /* Service */,
				157941A52B04F9AD00E76433 /* ViewModel */,
				157941A42B04F9AA00E76433 /* View */,
				1539F2DC2B01F34A000BBB65 /* FeedView.swift */,
				158E20B62B025CEF0008D6D1 /* FeedCell.swift */,
			);
			path = Feed;
			sourceTree = "<group>";
		};
		1539F2D72B01EFC8000BBB65 /* Components */ = {
			isa = PBXGroup;
			children = (
				157941A92B05000400E76433 /* CustomVideoPlayer.swift */,
			);
			path = Components;
			sourceTree = "<group>";
		};
		1539F2D82B01EFD4000BBB65 /* Comments */ = {
			isa = PBXGroup;
			children = (
			);
			path = Comments;
			sourceTree = "<group>";
		};
		1539F2D92B01EFDC000BBB65 /* Authentication */ = {
			isa = PBXGroup;
			children = (
			);
			path = Authentication;
			sourceTree = "<group>";
		};
		157941A42B04F9AA00E76433 /* View */ = {
			isa = PBXGroup;
			children = (
			);
			path = View;
			sourceTree = "<group>";
		};
		157941A52B04F9AD00E76433 /* ViewModel */ = {
			isa = PBXGroup;
			children = (
				157941A72B04FBA600E76433 /* FeedViewModel.swift */,
			);
			path = ViewModel;
			sourceTree = "<group>";
		};
		157941A62B04F9B100E76433 /* Service */ = {
			isa = PBXGroup;
			children = (
			);
			path = Service;
			sourceTree = "<group>";
		};
/* End PBXGroup section */

/* Begin PBXNativeTarget section */
		1539F2B82B01EF3C000BBB65 /* TikTokClone */ = {
			isa = PBXNativeTarget;
			buildConfigurationList = 1539F2C72B01EF3F000BBB65 /* Build configuration list for PBXNativeTarget "TikTokClone" */;
			buildPhases = (
				1539F2B52B01EF3C000BBB65 /* Sources */,
				1539F2B62B01EF3C000BBB65 /* Frameworks */,
				1539F2B72B01EF3C000BBB65 /* Resources */,
			);
			buildRules = (
			);
			dependencies = (
			);
			name = TikTokClone;
			productName = TikTokClone;
			productReference = 1539F2B92B01EF3C000BBB65 /* TikTokClone.app */;
			productType = "com.apple.product-type.application";
		};
/* End PBXNativeTarget section */

/* Begin PBXProject section */
		1539F2B12B01EF3C000BBB65 /* Project object */ = {
			isa = PBXProject;
			attributes = {
				BuildIndependentTargetsInParallel = 1;
				LastSwiftUpdateCheck = 1500;
				LastUpgradeCheck = 1500;
				TargetAttributes = {
					1539F2B82B01EF3C000BBB65 = {
						CreatedOnToolsVersion = 15.0.1;
					};
				};
			};
			buildConfigurationList = 1539F2B42B01EF3C000BBB65 /* Build configuration list for PBXProject "TikTokClone" */;
			compatibilityVersion = "Xcode 14.0";
			developmentRegion = en;
			hasScannedForEncodings = 0;
			knownRegions = (
				en,
				Base,
			);
			mainGroup = 1539F2B02B01EF3C000BBB65;
			productRefGroup = 1539F2BA2B01EF3C000BBB65 /* Products */;
			projectDirPath = "";
			projectRoot = "";
			targets = (
				1539F2B82B01EF3C000BBB65 /* TikTokClone */,
			);
		};
/* End PBXProject section */

/* Begin PBXResourcesBuildPhase section */
		1539F2B72B01EF3C000BBB65 /* Resources */ = {
			isa = PBXResourcesBuildPhase;
			buildActionMask = 2147483647;
			files = (
				1539F2C42B01EF3F000BBB65 /* Preview Assets.xcassets in Resources */,
				1539F2C12B01EF3F000BBB65 /* Assets.xcassets in Resources */,
			);
			runOnlyForDeploymentPostprocessing = 0;
		};
/* End PBXResourcesBuildPhase section */

/* Begin PBXSourcesBuildPhase section */
		1539F2B52B01EF3C000BBB65 /* Sources */ = {
			isa = PBXSourcesBuildPhase;
			buildActionMask = 2147483647;
			files = (
				1539F2DD2B01F34A000BBB65 /* FeedView.swift in Sources */,
				157941AA2B05000400E76433 /* CustomVideoPlayer.swift in Sources */,
				158E20BF2B0279190008D6D1 /* NotificationCell.swift in Sources */,
				15E5993B2B03B44200BD08F8 /* ProfileHeaderView.swift in Sources */,
				15E5993F2B03B61400BD08F8 /* UserStatView.swift in Sources */,
				15E599392B03AD2D00BD08F8 /* ProfileView.swift in Sources */,
				157941A82B04FBA600E76433 /* FeedViewModel.swift in Sources */,
				157941A32B04F97900E76433 /* Post.swift in Sources */,
				158E20B72B025CEF0008D6D1 /* FeedCell.swift in Sources */,
				1539F2BF2B01EF3C000BBB65 /* ContentView.swift in Sources */,
				158E20BD2B0279000008D6D1 /* NotificationView.swift in Sources */,
				1539F2BD2B01EF3C000BBB65 /* TikTokCloneApp.swift in Sources */,
				158E20B92B02604A0008D6D1 /* ExploreView.swift in Sources */,
				1539F2DB2B01F082000BBB65 /* MainTabView.swift in Sources */,
				158E20BB2B0260570008D6D1 /* UserCell.swift in Sources */,
				15E5993D2B03B45300BD08F8 /* PostGridView.swift in Sources */,
			);
			runOnlyForDeploymentPostprocessing = 0;
		};
/* End PBXSourcesBuildPhase section */

/* Begin XCBuildConfiguration section */
		1539F2C52B01EF3F000BBB65 /* Debug */ = {
			isa = XCBuildConfiguration;
			buildSettings = {
				ALWAYS_SEARCH_USER_PATHS = NO;
				ASSETCATALOG_COMPILER_GENERATE_SWIFT_ASSET_SYMBOL_EXTENSIONS = YES;
				CLANG_ANALYZER_NONNULL = YES;
				CLANG_ANALYZER_NUMBER_OBJECT_CONVERSION = YES_AGGRESSIVE;
				CLANG_CXX_LANGUAGE_STANDARD = "gnu++20";
				CLANG_ENABLE_MODULES = YES;
				CLANG_ENABLE_OBJC_ARC = YES;
				CLANG_ENABLE_OBJC_WEAK = YES;
				CLANG_WARN_BLOCK_CAPTURE_AUTORELEASING = YES;
				CLANG_WARN_BOOL_CONVERSION = YES;
				CLANG_WARN_COMMA = YES;
				CLANG_WARN_CONSTANT_CONVERSION = YES;
				CLANG_WARN_DEPRECATED_OBJC_IMPLEMENTATIONS = YES;
				CLANG_WARN_DIRECT_OBJC_ISA_USAGE = YES_ERROR;
				CLANG_WARN_DOCUMENTATION_COMMENTS = YES;
				CLANG_WARN_EMPTY_BODY = YES;
				CLANG_WARN_ENUM_CONVERSION = YES;
				CLANG_WARN_INFINITE_RECURSION = YES;
				CLANG_WARN_INT_CONVERSION = YES;
				CLANG_WARN_NON_LITERAL_NULL_CONVERSION = YES;
				CLANG_WARN_OBJC_IMPLICIT_RETAIN_SELF = YES;
				CLANG_WARN_OBJC_LITERAL_CONVERSION = YES;
				CLANG_WARN_OBJC_ROOT_CLASS = YES_ERROR;
				CLANG_WARN_QUOTED_INCLUDE_IN_FRAMEWORK_HEADER = YES;
				CLANG_WARN_RANGE_LOOP_ANALYSIS = YES;
				CLANG_WARN_STRICT_PROTOTYPES = YES;
				CLANG_WARN_SUSPICIOUS_MOVE = YES;
				CLANG_WARN_UNGUARDED_AVAILABILITY = YES_AGGRESSIVE;
				CLANG_WARN_UNREACHABLE_CODE = YES;
				CLANG_WARN__DUPLICATE_METHOD_MATCH = YES;
				COPY_PHASE_STRIP = NO;
				DEBUG_INFORMATION_FORMAT = dwarf;
				ENABLE_STRICT_OBJC_MSGSEND = YES;
				ENABLE_TESTABILITY = YES;
				ENABLE_USER_SCRIPT_SANDBOXING = YES;
				GCC_C_LANGUAGE_STANDARD = gnu17;
				GCC_DYNAMIC_NO_PIC = NO;
				GCC_NO_COMMON_BLOCKS = YES;
				GCC_OPTIMIZATION_LEVEL = 0;
				GCC_PREPROCESSOR_DEFINITIONS = (
					"DEBUG=1",
					"$(inherited)",
				);
				GCC_WARN_64_TO_32_BIT_CONVERSION = YES;
				GCC_WARN_ABOUT_RETURN_TYPE = YES_ERROR;
				GCC_WARN_UNDECLARED_SELECTOR = YES;
				GCC_WARN_UNINITIALIZED_AUTOS = YES_AGGRESSIVE;
				GCC_WARN_UNUSED_FUNCTION = YES;
				GCC_WARN_UNUSED_VARIABLE = YES;
				IPHONEOS_DEPLOYMENT_TARGET = 17.0;
				LOCALIZATION_PREFERS_STRING_CATALOGS = YES;
				MTL_ENABLE_DEBUG_INFO = INCLUDE_SOURCE;
				MTL_FAST_MATH = YES;
				ONLY_ACTIVE_ARCH = YES;
				SDKROOT = iphoneos;
				SWIFT_ACTIVE_COMPILATION_CONDITIONS = "DEBUG $(inherited)";
				SWIFT_OPTIMIZATION_LEVEL = "-Onone";
			};
			name = Debug;
		};
		1539F2C62B01EF3F000BBB65 /* Release */ = {
			isa = XCBuildConfiguration;
			buildSettings = {
				ALWAYS_SEARCH_USER_PATHS = NO;
				ASSETCATALOG_COMPILER_GENERATE_SWIFT_ASSET_SYMBOL_EXTENSIONS = YES;
				CLANG_ANALYZER_NONNULL = YES;
				CLANG_ANALYZER_NUMBER_OBJECT_CONVERSION = YES_AGGRESSIVE;
				CLANG_CXX_LANGUAGE_STANDARD = "gnu++20";
				CLANG_ENABLE_MODULES = YES;
				CLANG_ENABLE_OBJC_ARC = YES;
				CLANG_ENABLE_OBJC_WEAK = YES;
				CLANG_WARN_BLOCK_CAPTURE_AUTORELEASING = YES;
				CLANG_WARN_BOOL_CONVERSION = YES;
				CLANG_WARN_COMMA = YES;
				CLANG_WARN_CONSTANT_CONVERSION = YES;
				CLANG_WARN_DEPRECATED_OBJC_IMPLEMENTATIONS = YES;
				CLANG_WARN_DIRECT_OBJC_ISA_USAGE = YES_ERROR;
				CLANG_WARN_DOCUMENTATION_COMMENTS = YES;
				CLANG_WARN_EMPTY_BODY = YES;
				CLANG_WARN_ENUM_CONVERSION = YES;
				CLANG_WARN_INFINITE_RECURSION = YES;
				CLANG_WARN_INT_CONVERSION = YES;
				CLANG_WARN_NON_LITERAL_NULL_CONVERSION = YES;
				CLANG_WARN_OBJC_IMPLICIT_RETAIN_SELF = YES;
				CLANG_WARN_OBJC_LITERAL_CONVERSION = YES;
				CLANG_WARN_OBJC_ROOT_CLASS = YES_ERROR;
				CLANG_WARN_QUOTED_INCLUDE_IN_FRAMEWORK_HEADER = YES;
				CLANG_WARN_RANGE_LOOP_ANALYSIS = YES;
				CLANG_WARN_STRICT_PROTOTYPES = YES;
				CLANG_WARN_SUSPICIOUS_MOVE = YES;
				CLANG_WARN_UNGUARDED_AVAILABILITY = YES_AGGRESSIVE;
				CLANG_WARN_UNREACHABLE_CODE = YES;
				CLANG_WARN__DUPLICATE_METHOD_MATCH = YES;
				COPY_PHASE_STRIP = NO;
				DEBUG_INFORMATION_FORMAT = "dwarf-with-dsym";
				ENABLE_NS_ASSERTIONS = NO;
				ENABLE_STRICT_OBJC_MSGSEND = YES;
				ENABLE_USER_SCRIPT_SANDBOXING = YES;
				GCC_C_LANGUAGE_STANDARD = gnu17;
				GCC_NO_COMMON_BLOCKS = YES;
				GCC_WARN_64_TO_32_BIT_CONVERSION = YES;
				GCC_WARN_ABOUT_RETURN_TYPE = YES_ERROR;
				GCC_WARN_UNDECLARED_SELECTOR = YES;
				GCC_WARN_UNINITIALIZED_AUTOS = YES_AGGRESSIVE;
				GCC_WARN_UNUSED_FUNCTION = YES;
				GCC_WARN_UNUSED_VARIABLE = YES;
				IPHONEOS_DEPLOYMENT_TARGET = 17.0;
				LOCALIZATION_PREFERS_STRING_CATALOGS = YES;
				MTL_ENABLE_DEBUG_INFO = NO;
				MTL_FAST_MATH = YES;
				SDKROOT = iphoneos;
				SWIFT_COMPILATION_MODE = wholemodule;
				VALIDATE_PRODUCT = YES;
			};
			name = Release;
		};
		1539F2C82B01EF3F000BBB65 /* Debug */ = {
			isa = XCBuildConfiguration;
			buildSettings = {
				ASSETCATALOG_COMPILER_APPICON_NAME = AppIcon;
				ASSETCATALOG_COMPILER_GLOBAL_ACCENT_COLOR_NAME = AccentColor;
				CODE_SIGN_STYLE = Automatic;
				CURRENT_PROJECT_VERSION = 1;
				DEVELOPMENT_ASSET_PATHS = "\"TikTokClone/Preview Content\"";
				DEVELOPMENT_TEAM = PP55TUKCZU;
				ENABLE_PREVIEWS = YES;
				GENERATE_INFOPLIST_FILE = YES;
				INFOPLIST_KEY_CFBundleDisplayName = TikTok;
				INFOPLIST_KEY_LSApplicationCategoryType = "public.app-category.music";
				INFOPLIST_KEY_UIApplicationSceneManifest_Generation = YES;
				INFOPLIST_KEY_UIApplicationSupportsIndirectInputEvents = YES;
				INFOPLIST_KEY_UILaunchScreen_Generation = YES;
				INFOPLIST_KEY_UISupportedInterfaceOrientations_iPad = "UIInterfaceOrientationPortrait UIInterfaceOrientationPortraitUpsideDown UIInterfaceOrientationLandscapeLeft UIInterfaceOrientationLandscapeRight";
				INFOPLIST_KEY_UISupportedInterfaceOrientations_iPhone = "UIInterfaceOrientationPortrait UIInterfaceOrientationLandscapeLeft UIInterfaceOrientationLandscapeRight";
				LD_RUNPATH_SEARCH_PATHS = (
					"$(inherited)",
					"@executable_path/Frameworks",
				);
				MARKETING_VERSION = 1.0;
				PRODUCT_BUNDLE_IDENTIFIER = shurup.TikTokClone;
				PRODUCT_NAME = "$(TARGET_NAME)";
				SUPPORTED_PLATFORMS = "iphoneos iphonesimulator";
				SUPPORTS_MACCATALYST = NO;
				SUPPORTS_MAC_DESIGNED_FOR_IPHONE_IPAD = NO;
				SWIFT_EMIT_LOC_STRINGS = YES;
				SWIFT_VERSION = 5.0;
				TARGETED_DEVICE_FAMILY = 1;
			};
			name = Debug;
		};
		1539F2C92B01EF3F000BBB65 /* Release */ = {
			isa = XCBuildConfiguration;
			buildSettings = {
				ASSETCATALOG_COMPILER_APPICON_NAME = AppIcon;
				ASSETCATALOG_COMPILER_GLOBAL_ACCENT_COLOR_NAME = AccentColor;
				CODE_SIGN_STYLE = Automatic;
				CURRENT_PROJECT_VERSION = 1;
				DEVELOPMENT_ASSET_PATHS = "\"TikTokClone/Preview Content\"";
				DEVELOPMENT_TEAM = PP55TUKCZU;
				ENABLE_PREVIEWS = YES;
				GENERATE_INFOPLIST_FILE = YES;
				INFOPLIST_KEY_CFBundleDisplayName = TikTok;
				INFOPLIST_KEY_LSApplicationCategoryType = "public.app-category.music";
				INFOPLIST_KEY_UIApplicationSceneManifest_Generation = YES;
				INFOPLIST_KEY_UIApplicationSupportsIndirectInputEvents = YES;
				INFOPLIST_KEY_UILaunchScreen_Generation = YES;
				INFOPLIST_KEY_UISupportedInterfaceOrientations_iPad = "UIInterfaceOrientationPortrait UIInterfaceOrientationPortraitUpsideDown UIInterfaceOrientationLandscapeLeft UIInterfaceOrientationLandscapeRight";
				INFOPLIST_KEY_UISupportedInterfaceOrientations_iPhone = "UIInterfaceOrientationPortrait UIInterfaceOrientationLandscapeLeft UIInterfaceOrientationLandscapeRight";
				LD_RUNPATH_SEARCH_PATHS = (
					"$(inherited)",
					"@executable_path/Frameworks",
				);
				MARKETING_VERSION = 1.0;
				PRODUCT_BUNDLE_IDENTIFIER = shurup.TikTokClone;
				PRODUCT_NAME = "$(TARGET_NAME)";
				SUPPORTED_PLATFORMS = "iphoneos iphonesimulator";
				SUPPORTS_MACCATALYST = NO;
				SUPPORTS_MAC_DESIGNED_FOR_IPHONE_IPAD = NO;
				SWIFT_EMIT_LOC_STRINGS = YES;
				SWIFT_VERSION = 5.0;
				TARGETED_DEVICE_FAMILY = 1;
			};
			name = Release;
		};
/* End XCBuildConfiguration section */

/* Begin XCConfigurationList section */
		1539F2B42B01EF3C000BBB65 /* Build configuration list for PBXProject "TikTokClone" */ = {
			isa = XCConfigurationList;
			buildConfigurations = (
				1539F2C52B01EF3F000BBB65 /* Debug */,
				1539F2C62B01EF3F000BBB65 /* Release */,
			);
			defaultConfigurationIsVisible = 0;
			defaultConfigurationName = Release;
		};
		1539F2C72B01EF3F000BBB65 /* Build configuration list for PBXNativeTarget "TikTokClone" */ = {
			isa = XCConfigurationList;
			buildConfigurations = (
				1539F2C82B01EF3F000BBB65 /* Debug */,
				1539F2C92B01EF3F000BBB65 /* Release */,
			);
			defaultConfigurationIsVisible = 0;
			defaultConfigurationName = Release;
		};
/* End XCConfigurationList section */
	};
	rootObject = 1539F2B12B01EF3C000BBB65 /* Project object */;
}
